
Microsoft Visual Studio Solution File, Format Version 12.00
# Visual Studio Version 17
VisualStudioVersion = 17.0.31903.59
MinimumVisualStudioVersion = 10.0.40219.1
Project("{FAE04EC0-301F-11D3-BF4B-00C04F79EFBC}") = "BananaPoolManager", "BananaPoolManager\BananaPoolManager.csproj", "{29DAD085-1E79-45EC-811A-1F2593D36F1C}"
EndProject
Project("{FAE04EC0-301F-11D3-BF4B-00C04F79EFBC}") = "BananaPoolManager.Tests", "BananaPoolManager.Tests\BananaPoolManager.Tests.csproj", "{0C0B0983-6CEF-4D8E-9740-0602050B1F6F}"
EndProject
Project("{FAE04EC0-301F-11D3-BF4B-00C04F79EFBC}") = "BananaPoolManager.ConsoleApp", "BananaPoolManager.ConsoleApp\BananaPoolManager.ConsoleApp.csproj", "{B354B298-2617-4258-A191-BB11005C47A2}"
EndProject
Global
	GlobalSection(SolutionConfigurationPlatforms) = preSolution
		Debug|Any CPU = Debug|Any CPU
		Debug|x64 = Debug|x64
		Debug|x86 = Debug|x86
		Release|Any CPU = Release|Any CPU
		Release|x64 = Release|x64
		Release|x86 = Release|x86
	EndGlobalSection
	GlobalSection(ProjectConfigurationPlatforms) = postSolution
		{29DAD085-1E79-45EC-811A-1F2593D36F1C}.Debug|Any CPU.ActiveCfg = Debug|Any CPU
		{29DAD085-1E79-45EC-811A-1F2593D36F1C}.Debug|Any CPU.Build.0 = Debug|Any CPU
		{29DAD085-1E79-45EC-811A-1F2593D36F1C}.Debug|x64.ActiveCfg = Debug|Any CPU
		{29DAD085-1E79-45EC-811A-1F2593D36F1C}.Debug|x64.Build.0 = Debug|Any CPU
		{29DAD085-1E79-45EC-811A-1F2593D36F1C}.Debug|x86.ActiveCfg = Debug|Any CPU
		{29DAD085-1E79-45EC-811A-1F2593D36F1C}.Debug|x86.Build.0 = Debug|Any CPU
		{29DAD085-1E79-45EC-811A-1F2593D36F1C}.Release|Any CPU.ActiveCfg = Release|Any CPU
		{29DAD085-1E79-45EC-811A-1F2593D36F1C}.Release|Any CPU.Build.0 = Release|Any CPU
		{29DAD085-1E79-45EC-811A-1F2593D36F1C}.Release|x64.ActiveCfg = Release|Any CPU
		{29DAD085-1E79-45EC-811A-1F2593D36F1C}.Release|x64.Build.0 = Release|Any CPU
		{29DAD085-1E79-45EC-811A-1F2593D36F1C}.Release|x86.ActiveCfg = Release|Any CPU
		{29DAD085-1E79-45EC-811A-1F2593D36F1C}.Release|x86.Build.0 = Release|Any CPU
		{0C0B0983-6CEF-4D8E-9740-0602050B1F6F}.Debug|Any CPU.ActiveCfg = Debug|Any CPU
		{0C0B0983-6CEF-4D8E-9740-0602050B1F6F}.Debug|Any CPU.Build.0 = Debug|Any CPU
		{0C0B0983-6CEF-4D8E-9740-0602050B1F6F}.Debug|x64.ActiveCfg = Debug|Any CPU
		{0C0B0983-6CEF-4D8E-9740-0602050B1F6F}.Debug|x64.Build.0 = Debug|Any CPU
		{0C0B0983-6CEF-4D8E-9740-0602050B1F6F}.Debug|x86.ActiveCfg = Debug|Any CPU
		{0C0B0983-6CEF-4D8E-9740-0602050B1F6F}.Debug|x86.Build.0 = Debug|Any CPU
		{0C0B0983-6CEF-4D8E-9740-0602050B1F6F}.Release|Any CPU.ActiveCfg = Release|Any CPU
		{0C0B0983-6CEF-4D8E-9740-0602050B1F6F}.Release|Any CPU.Build.0 = Release|Any CPU
		{0C0B0983-6CEF-4D8E-9740-0602050B1F6F}.Release|x64.ActiveCfg = Release|Any CPU
		{0C0B0983-6CEF-4D8E-9740-0602050B1F6F}.Release|x64.Build.0 = Release|Any CPU
		{0C0B0983-6CEF-4D8E-9740-0602050B1F6F}.Release|x86.ActiveCfg = Release|Any CPU
		{0C0B0983-6CEF-4D8E-9740-0602050B1F6F}.Release|x86.Build.0 = Release|Any CPU
		{B354B298-2617-4258-A191-BB11005C47A2}.Debug|Any CPU.ActiveCfg = Debug|Any CPU
		{B354B298-2617-4258-A191-BB11005C47A2}.Debug|Any CPU.Build.0 = Debug|Any CPU
		{B354B298-2617-4258-A191-BB11005C47A2}.Debug|x64.ActiveCfg = Debug|Any CPU
		{B354B298-2617-4258-A191-BB11005C47A2}.Debug|x64.Build.0 = Debug|Any CPU
		{B354B298-2617-4258-A191-BB11005C47A2}.Debug|x86.ActiveCfg = Debug|Any CPU
		{B354B298-2617-4258-A191-BB11005C47A2}.Debug|x86.Build.0 = Debug|Any CPU
		{B354B298-2617-4258-A191-BB11005C47A2}.Release|Any CPU.ActiveCfg = Release|Any CPU
		{B354B298-2617-4258-A191-BB11005C47A2}.Release|Any CPU.Build.0 = Release|Any CPU
		{B354B298-2617-4258-A191-BB11005C47A2}.Release|x64.ActiveCfg = Release|Any CPU
		{B354B298-2617-4258-A191-BB11005C47A2}.Release|x64.Build.0 = Release|Any CPU
		{B354B298-2617-4258-A191-BB11005C47A2}.Release|x86.ActiveCfg = Release|Any CPU
		{B354B298-2617-4258-A191-BB11005C47A2}.Release|x86.Build.0 = Release|Any CPU
	EndGlobalSection
	GlobalSection(SolutionProperties) = preSolution
		HideSolutionNode = FALSE
	EndGlobalSection
EndGlobal
